
Microsoft Visual Studio Solution File, Format Version 12.00
# Visual Studio Version 17
VisualStudioVersion = 17.7.34031.279
MinimumVisualStudioVersion = 10.0.40219.1
Project("{FAE04EC0-301F-11D3-BF4B-00C04F79EFBC}") = "WindowsFormsApp3", "WindowsFormsApp3\WindowsFormsApp3.csproj", "{CC004828-B39B-4E70-8CFD-0C4C72179C7A}"
EndProject
Global
	GlobalSection(SolutionConfigurationPlatforms) = preSolution
		Debug|Any CPU = Debug|Any CPU
		Release|Any CPU = Release|Any CPU
	EndGlobalSection
	GlobalSection(ProjectConfigurationPlatforms) = postSolution
		{CC004828-B39B-4E70-8CFD-0C4C72179C7A}.Debug|Any CPU.ActiveCfg = Debug|Any CPU
		{CC004828-B39B-4E70-8CFD-0C4C72179C7A}.Debug|Any CPU.Build.0 = Debug|Any CPU
		{CC004828-B39B-4E70-8CFD-0C4C72179C7A}.Release|Any CPU.ActiveCfg = Release|Any CPU
		{CC004828-B39B-4E70-8CFD-0C4C72179C7A}.Release|Any CPU.Build.0 = Release|Any CPU
	EndGlobalSection
	GlobalSection(SolutionProperties) = preSolution
		HideSolutionNode = FALSE
	EndGlobalSection
	GlobalSection(ExtensibilityGlobals) = postSolution
		SolutionGuid = {F4314C5A-7E7E-4E72-9AB3-FE69EB06E3C8}
	EndGlobalSection
EndGlobal
